{
  "projects": [
    {
      "projectId": "szjgMQpPpxhmkjnaBvZQJG",
      "version": "2.8.0",
      "dependencies": {},
      "lang": "ts",
      "fileLocks": [
        {
          "assetId": "szjgMQpPpxhmkjnaBvZQJG",
          "type": "projectCss",
          "checksum": "f79d5c445a5793a8dd0b52ee8fc9a720"
        }
      ],
      "codegenVersion": "0.0.1"
    },
    {
      "projectId": "58GpZjZCWTaJ8AUhpCwt2K",
      "version": "3.8.0",
      "dependencies": {},
      "lang": "ts",
      "fileLocks": [
        {
          "assetId": "58GpZjZCWTaJ8AUhpCwt2K",
          "type": "projectCss",
          "checksum": "dbf25c878cd885da8866557c058b53ff"
        }
      ],
      "codegenVersion": "0.0.1"
    },
    {
      "projectId": "enk3K4vZ6pmH6kVCoZJXGn",
      "version": "4.8.0",
      "dependencies": {},
      "lang": "ts",
      "fileLocks": [
        {
          "assetId": "enk3K4vZ6pmH6kVCoZJXGn",
          "type": "projectCss",
          "checksum": "c42e59ee15cc10252185cac7431de29a"
        }
      ],
      "codegenVersion": "0.0.1"
    },
    {
      "projectId": "caTPwKxj5ZrD9LQ7DMdK4Z",
      "version": "3.11.0",
      "dependencies": {},
      "lang": "ts",
      "fileLocks": [
        {
          "assetId": "caTPwKxj5ZrD9LQ7DMdK4Z",
          "type": "projectCss",
          "checksum": "3f861d9934733b06ddcc0158487615ce"
        }
      ],
      "codegenVersion": "0.0.1"
    },
    {
      "projectId": "wJAowqBqcWtGU49FNparet",
      "version": "latest",
      "dependencies": {
        "caTPwKxj5ZrD9LQ7DMdK4Z": "3.11.0",
        "enk3K4vZ6pmH6kVCoZJXGn": "4.8.0",
        "58GpZjZCWTaJ8AUhpCwt2K": "3.8.0",
        "szjgMQpPpxhmkjnaBvZQJG": "2.8.0"
      },
      "lang": "ts",
      "fileLocks": [
        {
          "type": "globalVariant",
          "assetId": "HOjvR8sK0bhqS",
          "checksum": "6755458db9dede5188a3acf43a89bd88"
        },
        {
          "type": "globalVariant",
          "assetId": "Lw3WceeDIP",
          "checksum": "f4537eeb93e7e34770ec2690405424a8"
        },
        {
          "assetId": "wJAowqBqcWtGU49FNparet",
          "type": "projectCss",
          "checksum": "5c4fe340bf63c43d7ce444bd890421ba"
        },
        {
          "type": "renderModule",
          "assetId": "enopAs-44Scdm",
          "checksum": "a83390553e4f4a557ed862b717b3f63d"
        },
        {
          "type": "cssRules",
          "assetId": "enopAs-44Scdm",
          "checksum": "a83390553e4f4a557ed862b717b3f63d"
        },
        {
          "type": "renderModule",
          "assetId": "KlM8mMmcsTN43",
          "checksum": "7add5bc15a6b32534e07a9416e5547df"
        },
        {
          "type": "cssRules",
          "assetId": "KlM8mMmcsTN43",
          "checksum": "7add5bc15a6b32534e07a9416e5547df"
        },
        {
          "type": "renderModule",
          "assetId": "id5xBrtFC9Y",
          "checksum": "337c4f84c8b9402562479a3ec3884758"
        },
        {
          "type": "cssRules",
          "assetId": "id5xBrtFC9Y",
          "checksum": "337c4f84c8b9402562479a3ec3884758"
        },
        {
          "type": "renderModule",
          "assetId": "PKxIjSWuK-D",
          "checksum": "6a24365abc9d347986ff397706b1c0d2"
        },
        {
          "type": "cssRules",
          "assetId": "PKxIjSWuK-D",
          "checksum": "6a24365abc9d347986ff397706b1c0d2"
        },
        {
          "type": "renderModule",
          "assetId": "LyJ6fKfHGcX",
          "checksum": "9f73a8d30d6744f68128b4c29522f42b"
        },
        {
          "type": "cssRules",
          "assetId": "LyJ6fKfHGcX",
          "checksum": "9f73a8d30d6744f68128b4c29522f42b"
        },
        {
          "type": "renderModule",
          "assetId": "uTOQTWLO1hH",
          "checksum": "bc9fd7589cc4c43efa3cf47267b3b05e"
        },
        {
          "type": "cssRules",
          "assetId": "uTOQTWLO1hH",
          "checksum": "bc9fd7589cc4c43efa3cf47267b3b05e"
        },
        {
          "type": "renderModule",
          "assetId": "sIES9jLTWq",
          "checksum": "23e9fe215a66424c7b69ae0a3dddeeab"
        },
        {
          "type": "cssRules",
          "assetId": "sIES9jLTWq",
          "checksum": "23e9fe215a66424c7b69ae0a3dddeeab"
        },
        {
          "type": "renderModule",
          "assetId": "rUSB5x1lbq",
          "checksum": "5243fb4d930138fe3260f8e423f3c80f"
        },
        {
          "type": "cssRules",
          "assetId": "rUSB5x1lbq",
          "checksum": "5243fb4d930138fe3260f8e423f3c80f"
        },
        {
          "type": "icon",
          "assetId": "J-z2pj5QsV0f6",
          "checksum": "c9791384ba7bc7f75ad6c4f197a092b2"
        },
        {
          "type": "icon",
          "assetId": "ODUCc5oI0Rs0R",
          "checksum": "37d824a23bf026d48c43f287297066e2"
        },
        {
          "type": "icon",
          "assetId": "l-BiAMQx56jqd",
          "checksum": "7b9edf9c696084a85918a6bc5e47e176"
        },
        {
          "type": "icon",
          "assetId": "z7VkIKpUA1m",
          "checksum": "be6e1a1816d4ecd68bb6362527a13cd8"
        },
        {
          "type": "icon",
          "assetId": "fu7E_BILUUp",
          "checksum": "d968c80c42b1898715c56e4c7901d6d8"
        },
        {
          "type": "icon",
          "assetId": "zYnw8HAU4I",
          "checksum": "a195d9bbc349e76740e4eeab577ccb95"
        },
        {
          "type": "icon",
          "assetId": "fLfBIzVibb",
          "checksum": "0a0c43bd9a1dae98f4e60dc6fa26b287"
        },
        {
          "type": "icon",
          "assetId": "XJAw7tHsOO",
          "checksum": "99295c46a34c3a4a2e1d8c30d810d8a0"
        },
        {
          "type": "icon",
          "assetId": "4oOlAJRYAy",
          "checksum": "7dc640278dac17d61c6ea5e048fa29c2"
        },
        {
          "type": "icon",
          "assetId": "Rt2RjnHmjo",
          "checksum": "03962b8d33f84b8e847c7eef3a1ba249"
        },
        {
          "type": "icon",
          "assetId": "fGgfD-9TtAJ",
          "checksum": "7854321d0499c4c0c840561e0821a150"
        },
        {
          "type": "image",
          "assetId": "2S9lg2ftS",
          "checksum": "8e3b4f56f2fe8bfe4e2a12842cebc85e"
        },
        {
          "type": "image",
          "assetId": "ZNam4tdQg",
          "checksum": "515c5e251190582c620b3aee0286e3d0"
        },
        {
          "type": "image",
          "assetId": "0WvwoQMKA",
          "checksum": "1e9ed59da7acc75f9d5bc534ed1ecc50"
        },
        {
          "type": "image",
          "assetId": "58VRy09Gs",
          "checksum": "4b98d0b46f31e96dc3f7194d83155d59"
        },
        {
          "type": "image",
          "assetId": "Va5ttMv_m",
          "checksum": "342661a128bf23b4e79f73aa3ffa59d5"
        },
        {
          "type": "image",
          "assetId": "ecyHh8T-u",
          "checksum": "73f5ee91fa4a8cae7d55f072b470cee0"
        },
        {
          "type": "image",
          "assetId": "OcuPfz3FE",
          "checksum": "5a2c224a487ed76bc96b8cadb6eedb5c"
        },
        {
          "type": "image",
          "assetId": "sNMSFNIX0",
          "checksum": "625271824c6b174c14d63634835e9dd5"
        },
        {
          "type": "image",
          "assetId": "_FGDT2HO0",
          "checksum": "97838a01f8bbdee6f460157537aae661"
        },
        {
          "type": "image",
          "assetId": "cnKVi4rAj",
          "checksum": "cc466833238d2f52b97cb6ce33ab2d6a"
        },
        {
          "type": "image",
          "assetId": "NFnQy1tFhif",
          "checksum": "d77747636f57b6ffe33a16af459ea879"
        },
        {
          "type": "image",
          "assetId": "d6eTJJHHF",
          "checksum": "30d31722eb37052838a72513e81ade40"
        }
      ],
      "codegenVersion": "0.0.1"
    },
    {
      "projectId": "r3ASNrnyvLLLAtDvzUioQ",
      "version": "3.8.0",
      "dependencies": {},
      "lang": "ts",
      "fileLocks": [
        {
          "assetId": "r3ASNrnyvLLLAtDvzUioQ",
          "type": "projectCss",
          "checksum": "7d1dbacf8e8dfb8f835321834e1f308e"
        }
      ],
      "codegenVersion": "0.0.1"
    },
    {
      "projectId": "itBdcjth19Wasd6ngAYxWR",
      "version": "1.8.0",
      "dependencies": {},
      "lang": "ts",
      "fileLocks": [
        {
          "assetId": "itBdcjth19Wasd6ngAYxWR",
          "type": "projectCss",
          "checksum": "b3e6958306d9993368176cf5bd589b88"
        }
      ],
      "codegenVersion": "0.0.1"
    },
    {
      "projectId": "7nJ7UcFmq9UzB6eXfC5z4a",
      "version": "0.8.0",
      "dependencies": {},
      "lang": "ts",
      "fileLocks": [
        {
          "assetId": "7nJ7UcFmq9UzB6eXfC5z4a",
          "type": "projectCss",
          "checksum": "8cf9dfd353bbaf2b2583e7046e8136fb"
        }
      ],
      "codegenVersion": "0.0.1"
    },
    {
      "projectId": "bsHvoheJaXyaeWhnCxRakT",
      "version": "latest",
      "dependencies": {
        "7nJ7UcFmq9UzB6eXfC5z4a": "0.8.0",
        "szjgMQpPpxhmkjnaBvZQJG": "2.8.0",
        "58GpZjZCWTaJ8AUhpCwt2K": "3.8.0",
        "itBdcjth19Wasd6ngAYxWR": "1.8.0",
        "r3ASNrnyvLLLAtDvzUioQ": "3.8.0",
        "caTPwKxj5ZrD9LQ7DMdK4Z": "3.11.0"
      },
      "lang": "ts",
      "fileLocks": [
        {
          "type": "globalVariant",
          "assetId": "WajuQ4R1DeAga",
          "checksum": "8eddb3cac7c081740eb154a27947b12f"
        },
        {
          "type": "renderModule",
          "assetId": "4IpupZoDuWPh",
          "checksum": "af410e3674042e63d8c174655fec254f"
        },
        {
          "type": "cssRules",
          "assetId": "4IpupZoDuWPh",
          "checksum": "af410e3674042e63d8c174655fec254f"
        },
        {
          "type": "renderModule",
          "assetId": "TWviM3nyULF",
          "checksum": "0399561b0b170ed1a83eda703028a273"
        },
        {
          "type": "cssRules",
          "assetId": "TWviM3nyULF",
          "checksum": "0399561b0b170ed1a83eda703028a273"
        },
        {
          "type": "renderModule",
          "assetId": "W4W4JfxNDKp",
          "checksum": "cd73313a837f3b3283121b1e8c06ac27"
        },
        {
          "type": "cssRules",
          "assetId": "W4W4JfxNDKp",
          "checksum": "cd73313a837f3b3283121b1e8c06ac27"
        },
        {
          "type": "renderModule",
          "assetId": "phAOjgqEmd",
          "checksum": "5240522b2c0621ab723562a5cdff738f"
        },
        {
          "type": "cssRules",
          "assetId": "phAOjgqEmd",
          "checksum": "5240522b2c0621ab723562a5cdff738f"
        },
        {
          "type": "renderModule",
          "assetId": "_De9lHvhQM",
          "checksum": "1aec5bf183d25d63c6d546df15ea85e3"
        },
        {
          "type": "cssRules",
          "assetId": "_De9lHvhQM",
          "checksum": "1aec5bf183d25d63c6d546df15ea85e3"
        },
        {
          "type": "renderModule",
          "assetId": "1BhlLFOXJu",
          "checksum": "a3ef7f44d435dbdfd902eb33c8af7998"
        },
        {
          "type": "cssRules",
          "assetId": "1BhlLFOXJu",
          "checksum": "a3ef7f44d435dbdfd902eb33c8af7998"
        },
        {
          "type": "renderModule",
          "assetId": "FBEYeLCsKl6",
          "checksum": "635bf46f66d5ada7a9d76838932cd476"
        },
        {
          "type": "cssRules",
          "assetId": "FBEYeLCsKl6",
          "checksum": "635bf46f66d5ada7a9d76838932cd476"
        },
        {
          "type": "renderModule",
          "assetId": "VBA7gR4Oyw",
          "checksum": "e1b4b148087d45a885e4359b8b936ed3"
        },
        {
          "type": "cssRules",
          "assetId": "VBA7gR4Oyw",
          "checksum": "e1b4b148087d45a885e4359b8b936ed3"
        },
        {
          "type": "renderModule",
          "assetId": "2QM518ijxs",
          "checksum": "628dd56b8d85e1df4b5c9c99857e7bfc"
        },
        {
          "type": "cssRules",
          "assetId": "2QM518ijxs",
          "checksum": "628dd56b8d85e1df4b5c9c99857e7bfc"
        },
        {
          "type": "icon",
          "assetId": "I702jh1jR4G",
          "checksum": "5c51868e6b3be47d3080f5092161376a"
        },
        {
          "type": "icon",
          "assetId": "wQpd1tceKyJ",
          "checksum": "50b060313a0aaec73f4ba6dad0727e7e"
        },
        {
          "type": "icon",
          "assetId": "B8oMtz7hS1",
          "checksum": "f0124750877c97c873482db184932744"
        },
        {
          "type": "icon",
          "assetId": "OscTv5A9Ju",
          "checksum": "a8e7371b63b1a2431ced93d45307d6e3"
        },
        {
          "type": "icon",
          "assetId": "y1Pbni4fXg",
          "checksum": "3ebbb16136540d315a6a95696b783205"
        },
        {
          "type": "icon",
          "assetId": "FZLmoPLrrn",
          "checksum": "931d28ccaffd83fd0157eb0bbf013d64"
        },
        {
          "type": "icon",
          "assetId": "hANZUCS7hj",
          "checksum": "d4ebb1a6d803b00af566b8bef5e249b4"
        },
        {
          "type": "icon",
          "assetId": "FAFkejJ7vqN",
          "checksum": "c9661ef41e9712d8b464f8e29c256e07"
        },
        {
          "type": "icon",
          "assetId": "QkhsTWATOHg",
          "checksum": "23311dea05462133ee537887cdc2e0ea"
        },
        {
          "type": "icon",
          "assetId": "5VSuZQ2usd0",
          "checksum": "3718d0fa22b649ca819a809bbd4581f8"
        },
        {
          "type": "icon",
          "assetId": "nFRi7jlUk81",
          "checksum": "dc6d9dc8a9c7066a82206965919133c4"
        },
        {
          "type": "icon",
          "assetId": "HQAqXLuGsk",
          "checksum": "59e1031bc5b535325a9127f6f56297cf"
        },
        {
          "type": "icon",
          "assetId": "15ld03NlrL",
          "checksum": "972750b9e675d7ddef419cf18168d382"
        },
        {
          "type": "icon",
          "assetId": "VijP-mvKcQ",
          "checksum": "d37f28844ce3ec74af3047fcfae4d5b0"
        },
        {
          "type": "icon",
          "assetId": "8iuJ_X12Ok",
          "checksum": "f6cc143e93e516a778271251df423ad1"
        },
        {
          "type": "icon",
          "assetId": "39vE-HYQ0j",
          "checksum": "b1522b8800622ff98f1141f1fac4c62e"
        },
        {
          "type": "icon",
          "assetId": "0OXdT4L_wG",
          "checksum": "f09742a95413c8cda0ae858204b7b555"
        },
        {
          "type": "icon",
          "assetId": "FdEJ0oMOnf",
          "checksum": "e3b73a141dab34212a3e7659c26d0994"
        },
        {
          "type": "icon",
          "assetId": "W0ah9M2A2q",
          "checksum": "f6d915802ddfae574be6557241ab1fc5"
        },
        {
          "type": "icon",
          "assetId": "LUQvvF4qlM",
          "checksum": "20b35ed0193123cce3566bc63245debe"
        },
        {
          "type": "icon",
          "assetId": "Oge_6sYsD-",
          "checksum": "d9b2dd9d0f2941f89232e01000027a1e"
        },
        {
          "type": "icon",
          "assetId": "AzuVKByyip",
          "checksum": "9d755ec92ce03ddb99d1fff5c82bd2aa"
        },
        {
          "type": "icon",
          "assetId": "05cyKBhyk",
          "checksum": "86d9d62a6de25ce5882b3b2501eb5aae"
        },
        {
          "type": "icon",
          "assetId": "L0zI9S_Iq6",
          "checksum": "ff9f0b82cc0a7dd2aa4662a670287320"
        },
        {
          "type": "icon",
          "assetId": "yb2-zw2oZD",
          "checksum": "80abbdce3c807cd3e1153d2d150675d6"
        },
        {
          "type": "icon",
          "assetId": "BmJEOaCAlD",
          "checksum": "db6995ee1583b1553b8ba41107d3f4da"
        },
        {
          "type": "icon",
          "assetId": "CChSiJgS1z",
          "checksum": "de49f3aaba9ae0d3982c7033ab1107c6"
        },
        {
          "type": "image",
          "assetId": "ZmNaPeq0I",
          "checksum": "95c2a4636d4ad437843023502fcce77f"
        },
        {
          "type": "image",
          "assetId": "8ks8yypiN",
          "checksum": "09b298084dc562279157fb7a84df15c0"
        },
        {
          "type": "image",
          "assetId": "9W8YoWGFMrR",
          "checksum": "fccc5c469a9029656fdaebac8eac32f9"
        },
        {
          "type": "image",
          "assetId": "DhSZRBol5",
          "checksum": "1fef446c45acea876d43e4139708af1a"
        },
        {
          "type": "image",
          "assetId": "fNz8djMHG",
          "checksum": "89af3527505c50d971a73a7f724172db"
        },
        {
          "type": "image",
          "assetId": "XcqCZSxxG",
          "checksum": "1afa33872c0123136a5b80af463e621e"
        },
        {
          "type": "image",
          "assetId": "d6Z0PVefG",
          "checksum": "6649c62a8007541760970ccc7ca9bedb"
        },
        {
          "type": "image",
          "assetId": "O9EY_VLW1",
          "checksum": "5bd8623469abc883943e43b75c2d82fd"
        },
        {
          "type": "image",
          "assetId": "zGdvFPYk1",
          "checksum": "74bb7799c1c36aa201006f39bda0ac16"
        },
        {
          "type": "image",
          "assetId": "yFBOzr8f5",
          "checksum": "c9923ce397981d045f26815d60c5314b"
        },
        {
          "type": "image",
          "assetId": "RRnHBSQmb",
          "checksum": "cadf37aad3eef62c5bbc091a02769ed0"
        },
        {
          "type": "image",
          "assetId": "AHoIkp1yc",
          "checksum": "a4346551b32267f8ef840126e62b678b"
        },
        {
          "type": "image",
          "assetId": "lqstuZ6PT",
          "checksum": "17d1b8790d7549cacb7df54bd539b7c6"
        },
        {
          "type": "image",
          "assetId": "ZshOqGSjMK",
          "checksum": "bbed1f90103b7f2bb0af65348dafcae2"
        },
        {
          "type": "image",
          "assetId": "1s4gtNw4N",
          "checksum": "bafe93ec38d026d568eeb8a1609f2ffc"
        },
        {
          "type": "image",
          "assetId": "8OIS32yPx",
          "checksum": "8ea093806dadf6a396596a7d4b43cdd3"
        },
        {
          "type": "image",
          "assetId": "8jKGqja_o",
          "checksum": "27dd6b4c34121098425bc2a416c409a3"
        },
        {
          "type": "image",
          "assetId": "0rVo6Zf0e",
          "checksum": "4a7374098fd4ca7d4558b9fd1b3d680a"
        },
        {
          "type": "image",
          "assetId": "FSD7UoQDp",
          "checksum": "61a81101550af78c524e8a5a4afa446c"
        },
        {
          "type": "image",
          "assetId": "QlIUsgany",
          "checksum": "1d3c1a9dda9ed703cb1d606f6841ea60"
        },
        {
          "assetId": "bsHvoheJaXyaeWhnCxRakT",
          "type": "projectCss",
          "checksum": "8a089311b479fcc0bfe1fc4d8b1c0700"
        }
      ],
      "codegenVersion": "0.0.1"
    }
  ],
  "cliVersion": "0.1.193"
}
