{
  "projects": [
    {
      "projectId": "szjgMQpPpxhmkjnaBvZQJG",
      "version": "2.8.0",
      "dependencies": {},
      "lang": "ts",
      "fileLocks": [
        {
          "assetId": "szjgMQpPpxhmkjnaBvZQJG",
          "type": "projectCss",
          "checksum": "f79d5c445a5793a8dd0b52ee8fc9a720"
        }
      ],
      "codegenVersion": "0.0.1"
    },
    {
      "projectId": "58GpZjZCWTaJ8AUhpCwt2K",
      "version": "3.8.0",
      "dependencies": {},
      "lang": "ts",
      "fileLocks": [
        {
          "assetId": "58GpZjZCWTaJ8AUhpCwt2K",
          "type": "projectCss",
          "checksum": "dbf25c878cd885da8866557c058b53ff"
        }
      ],
      "codegenVersion": "0.0.1"
    },
    {
      "projectId": "enk3K4vZ6pmH6kVCoZJXGn",
      "version": "4.8.0",
      "dependencies": {},
      "lang": "ts",
      "fileLocks": [
        {
          "assetId": "enk3K4vZ6pmH6kVCoZJXGn",
          "type": "projectCss",
          "checksum": "c42e59ee15cc10252185cac7431de29a"
        }
      ],
      "codegenVersion": "0.0.1"
    },
    {
      "projectId": "caTPwKxj5ZrD9LQ7DMdK4Z",
      "version": "3.11.0",
      "dependencies": {},
      "lang": "ts",
      "fileLocks": [
        {
          "assetId": "caTPwKxj5ZrD9LQ7DMdK4Z",
          "type": "projectCss",
          "checksum": "3f861d9934733b06ddcc0158487615ce"
        }
      ],
      "codegenVersion": "0.0.1"
    },
    {
      "projectId": "wJAowqBqcWtGU49FNparet",
      "version": "latest",
      "dependencies": {
        "caTPwKxj5ZrD9LQ7DMdK4Z": "3.11.0",
        "enk3K4vZ6pmH6kVCoZJXGn": "4.8.0",
        "58GpZjZCWTaJ8AUhpCwt2K": "3.8.0",
        "szjgMQpPpxhmkjnaBvZQJG": "2.8.0"
      },
      "lang": "ts",
      "fileLocks": [
        {
          "type": "globalVariant",
          "assetId": "HOjvR8sK0bhqS",
          "checksum": "6755458db9dede5188a3acf43a89bd88"
        },
        {
          "type": "globalVariant",
          "assetId": "Lw3WceeDIP",
          "checksum": "f4537eeb93e7e34770ec2690405424a8"
        },
        {
          "assetId": "wJAowqBqcWtGU49FNparet",
          "type": "projectCss",
          "checksum": "5c4fe340bf63c43d7ce444bd890421ba"
        },
        {
          "type": "renderModule",
          "assetId": "enopAs-44Scdm",
          "checksum": "a83390553e4f4a557ed862b717b3f63d"
        },
        {
          "type": "cssRules",
          "assetId": "enopAs-44Scdm",
          "checksum": "a83390553e4f4a557ed862b717b3f63d"
        },
        {
          "type": "renderModule",
          "assetId": "KlM8mMmcsTN43",
          "checksum": "7add5bc15a6b32534e07a9416e5547df"
        },
        {
          "type": "cssRules",
          "assetId": "KlM8mMmcsTN43",
          "checksum": "7add5bc15a6b32534e07a9416e5547df"
        },
        {
          "type": "renderModule",
          "assetId": "id5xBrtFC9Y",
          "checksum": "337c4f84c8b9402562479a3ec3884758"
        },
        {
          "type": "cssRules",
          "assetId": "id5xBrtFC9Y",
          "checksum": "337c4f84c8b9402562479a3ec3884758"
        },
        {
          "type": "renderModule",
          "assetId": "PKxIjSWuK-D",
          "checksum": "6a24365abc9d347986ff397706b1c0d2"
        },
        {
          "type": "cssRules",
          "assetId": "PKxIjSWuK-D",
          "checksum": "6a24365abc9d347986ff397706b1c0d2"
        },
        {
          "type": "renderModule",
          "assetId": "LyJ6fKfHGcX",
          "checksum": "9f73a8d30d6744f68128b4c29522f42b"
        },
        {
          "type": "cssRules",
          "assetId": "LyJ6fKfHGcX",
          "checksum": "9f73a8d30d6744f68128b4c29522f42b"
        },
        {
          "type": "renderModule",
          "assetId": "uTOQTWLO1hH",
          "checksum": "bc9fd7589cc4c43efa3cf47267b3b05e"
        },
        {
          "type": "cssRules",
          "assetId": "uTOQTWLO1hH",
          "checksum": "bc9fd7589cc4c43efa3cf47267b3b05e"
        },
        {
          "type": "renderModule",
          "assetId": "sIES9jLTWq",
          "checksum": "23e9fe215a66424c7b69ae0a3dddeeab"
        },
        {
          "type": "cssRules",
          "assetId": "sIES9jLTWq",
          "checksum": "23e9fe215a66424c7b69ae0a3dddeeab"
        },
        {
          "type": "renderModule",
          "assetId": "rUSB5x1lbq",
          "checksum": "5243fb4d930138fe3260f8e423f3c80f"
        },
        {
          "type": "cssRules",
          "assetId": "rUSB5x1lbq",
          "checksum": "5243fb4d930138fe3260f8e423f3c80f"
        },
        {
          "type": "renderModule",
          "assetId": "mv-wbMPu_X",
          "checksum": "00ab08800b5c429238c3e00f99aaf4d2"
        },
        {
          "type": "cssRules",
          "assetId": "mv-wbMPu_X",
          "checksum": "00ab08800b5c429238c3e00f99aaf4d2"
        },
        {
          "type": "icon",
          "assetId": "J-z2pj5QsV0f6",
          "checksum": "c9791384ba7bc7f75ad6c4f197a092b2"
        },
        {
          "type": "icon",
          "assetId": "ODUCc5oI0Rs0R",
          "checksum": "37d824a23bf026d48c43f287297066e2"
        },
        {
          "type": "icon",
          "assetId": "l-BiAMQx56jqd",
          "checksum": "7b9edf9c696084a85918a6bc5e47e176"
        },
        {
          "type": "icon",
          "assetId": "z7VkIKpUA1m",
          "checksum": "be6e1a1816d4ecd68bb6362527a13cd8"
        },
        {
          "type": "icon",
          "assetId": "fu7E_BILUUp",
          "checksum": "d968c80c42b1898715c56e4c7901d6d8"
        },
        {
          "type": "icon",
          "assetId": "zYnw8HAU4I",
          "checksum": "a195d9bbc349e76740e4eeab577ccb95"
        },
        {
          "type": "icon",
          "assetId": "fLfBIzVibb",
          "checksum": "0a0c43bd9a1dae98f4e60dc6fa26b287"
        },
        {
          "type": "icon",
          "assetId": "XJAw7tHsOO",
          "checksum": "99295c46a34c3a4a2e1d8c30d810d8a0"
        },
        {
          "type": "icon",
          "assetId": "4oOlAJRYAy",
          "checksum": "7dc640278dac17d61c6ea5e048fa29c2"
        },
        {
          "type": "icon",
          "assetId": "Rt2RjnHmjo",
          "checksum": "03962b8d33f84b8e847c7eef3a1ba249"
        },
        {
          "type": "icon",
          "assetId": "fGgfD-9TtAJ",
          "checksum": "7854321d0499c4c0c840561e0821a150"
        },
        {
          "type": "image",
          "assetId": "2S9lg2ftS",
          "checksum": "8e3b4f56f2fe8bfe4e2a12842cebc85e"
        },
        {
          "type": "image",
          "assetId": "ZNam4tdQg",
          "checksum": "515c5e251190582c620b3aee0286e3d0"
        },
        {
          "type": "image",
          "assetId": "0WvwoQMKA",
          "checksum": "1e9ed59da7acc75f9d5bc534ed1ecc50"
        },
        {
          "type": "image",
          "assetId": "58VRy09Gs",
          "checksum": "4b98d0b46f31e96dc3f7194d83155d59"
        },
        {
          "type": "image",
          "assetId": "Va5ttMv_m",
          "checksum": "342661a128bf23b4e79f73aa3ffa59d5"
        },
        {
          "type": "image",
          "assetId": "ecyHh8T-u",
          "checksum": "73f5ee91fa4a8cae7d55f072b470cee0"
        },
        {
          "type": "image",
          "assetId": "OcuPfz3FE",
          "checksum": "5a2c224a487ed76bc96b8cadb6eedb5c"
        },
        {
          "type": "image",
          "assetId": "sNMSFNIX0",
          "checksum": "625271824c6b174c14d63634835e9dd5"
        },
        {
          "type": "image",
          "assetId": "_FGDT2HO0",
          "checksum": "97838a01f8bbdee6f460157537aae661"
        },
        {
          "type": "image",
          "assetId": "cnKVi4rAj",
          "checksum": "cc466833238d2f52b97cb6ce33ab2d6a"
        },
        {
          "type": "image",
          "assetId": "NFnQy1tFhif",
          "checksum": "d77747636f57b6ffe33a16af459ea879"
        },
        {
          "type": "image",
          "assetId": "d6eTJJHHF",
          "checksum": "30d31722eb37052838a72513e81ade40"
        }
      ],
      "codegenVersion": "0.0.1"
    }
  ],
  "cliVersion": "0.1.193"
}
